
Microsoft Visual Studio Solution File, Format Version 12.00
# Visual Studio Version 16
VisualStudioVersion = 16.0.33130.400
MinimumVisualStudioVersion = 10.0.40219.1
Project("{F184B08F-C81C-45F6-A57F-5ABD9991F28F}") = "Mid_SMR", "WindowsApp4\Mid_SMR.vbproj", "{46B0F78F-C202-4A70-B841-4374A8D0199B}"
EndProject
Global
	GlobalSection(SolutionConfigurationPlatforms) = preSolution
		Debug|Any CPU = Debug|Any CPU
		Debug|x86 = Debug|x86
		Release|Any CPU = Release|Any CPU
		Release|x86 = Release|x86
	EndGlobalSection
	GlobalSection(ProjectConfigurationPlatforms) = postSolution
		{46B0F78F-C202-4A70-B841-4374A8D0199B}.Debug|Any CPU.ActiveCfg = Debug|Any CPU
		{46B0F78F-C202-4A70-B841-4374A8D0199B}.Debug|Any CPU.Build.0 = Debug|Any CPU
		{46B0F78F-C202-4A70-B841-4374A8D0199B}.Debug|x86.ActiveCfg = Debug|x86
		{46B0F78F-C202-4A70-B841-4374A8D0199B}.Debug|x86.Build.0 = Debug|x86
		{46B0F78F-C202-4A70-B841-4374A8D0199B}.Release|Any CPU.ActiveCfg = Release|Any CPU
		{46B0F78F-C202-4A70-B841-4374A8D0199B}.Release|Any CPU.Build.0 = Release|Any CPU
		{46B0F78F-C202-4A70-B841-4374A8D0199B}.Release|x86.ActiveCfg = Release|x86
		{46B0F78F-C202-4A70-B841-4374A8D0199B}.Release|x86.Build.0 = Release|x86
	EndGlobalSection
	GlobalSection(SolutionProperties) = preSolution
		HideSolutionNode = FALSE
	EndGlobalSection
	GlobalSection(ExtensibilityGlobals) = postSolution
		SolutionGuid = {6C8B1DEA-91D2-471D-B15D-C29194087B74}
	EndGlobalSection
EndGlobal
